
Microsoft Visual Studio Solution File, Format Version 12.00
# Visual Studio Version 17
VisualStudioVersion = 17.14.36310.24 d17.14
MinimumVisualStudioVersion = 10.0.40219.1
Project("{FAE04EC0-301F-11D3-BF4B-00C04F79EFBC}") = "NppOneTab", "NppOneTab\NppOneTab.csproj", "{45A16AD4-23EC-4C4C-805F-395FC325E28E}"
EndProject
Global
	GlobalSection(SolutionConfigurationPlatforms) = preSolution
		Debug|Any CPU = Debug|Any CPU
		Release|Any CPU = Release|Any CPU
	EndGlobalSection
	GlobalSection(ProjectConfigurationPlatforms) = postSolution
		{45A16AD4-23EC-4C4C-805F-395FC325E28E}.Debug|Any CPU.ActiveCfg = Debug|Any CPU
		{45A16AD4-23EC-4C4C-805F-395FC325E28E}.Debug|Any CPU.Build.0 = Debug|Any CPU
		{45A16AD4-23EC-4C4C-805F-395FC325E28E}.Release|Any CPU.ActiveCfg = Release|Any CPU
		{45A16AD4-23EC-4C4C-805F-395FC325E28E}.Release|Any CPU.Build.0 = Release|Any CPU
	EndGlobalSection
	GlobalSection(SolutionProperties) = preSolution
		HideSolutionNode = FALSE
	EndGlobalSection
	GlobalSection(ExtensibilityGlobals) = postSolution
		SolutionGuid = {2A3C1614-BF2F-4450-A37B-B9FF5C94C017}
	EndGlobalSection
EndGlobal
